
Microsoft Visual Studio Solution File, Format Version 12.00
# Visual Studio 15
VisualStudioVersion = 15.0.27130.2027
MinimumVisualStudioVersion = 10.0.40219.1
Project("{8BC9CEB8-8B4A-11D0-8D11-00A0C91BC942}") = "GLUtil", "GLUtil\GLUtil.vcxproj", "{80127958-2E60-44D4-BF4A-58A40123707A}"
EndProject
Project("{8BC9CEB8-8B4A-11D0-8D11-00A0C91BC942}") = "GLUtilTest", "GLUtilTest\GLUtilTest.vcxproj", "{A5D01F42-D699-4C99-A958-8C4AD3A22B75}"
EndProject
Project("{8BC9CEB8-8B4A-11D0-8D11-00A0C91BC942}") = "BarcyCenterExample", "BarcyCenterExample\BarcyCenterExample.vcxproj", "{2634DEFD-EBC9-4636-B2F0-F8EF6720C22A}"
EndProject
Project("{8BC9CEB8-8B4A-11D0-8D11-00A0C91BC942}") = "Orient3D", "Orient3D\Orient3D.vcxproj", "{0E63DA86-794C-492E-AB81-9C0F7F86931F}"
EndProject
Project("{8BC9CEB8-8B4A-11D0-8D11-00A0C91BC942}") = "GLSLTest", "GLSLTest\GLSLTest.vcxproj", "{8334489B-086A-494D-88ED-86B601890CA1}"
EndProject
Project("{8BC9CEB8-8B4A-11D0-8D11-00A0C91BC942}") = "RayTriangIntersection", "RayTriangIntersection\RayTriangIntersection.vcxproj", "{F3D7A379-6FA7-4F43-909C-37E6412D2E45}"
EndProject
Project("{8BC9CEB8-8B4A-11D0-8D11-00A0C91BC942}") = "PointAABBTest", "PointAABBTest\PointAABBTest.vcxproj", "{0B1DA71F-4D2B-425A-926E-EDEB65CED9BC}"
EndProject
Global
	GlobalSection(SolutionConfigurationPlatforms) = preSolution
		Debug|x64 = Debug|x64
		Debug|x86 = Debug|x86
		Release|x64 = Release|x64
		Release|x86 = Release|x86
	EndGlobalSection
	GlobalSection(ProjectConfigurationPlatforms) = postSolution
		{80127958-2E60-44D4-BF4A-58A40123707A}.Debug|x64.ActiveCfg = Debug|x64
		{80127958-2E60-44D4-BF4A-58A40123707A}.Debug|x64.Build.0 = Debug|x64
		{80127958-2E60-44D4-BF4A-58A40123707A}.Debug|x86.ActiveCfg = Debug|Win32
		{80127958-2E60-44D4-BF4A-58A40123707A}.Debug|x86.Build.0 = Debug|Win32
		{80127958-2E60-44D4-BF4A-58A40123707A}.Release|x64.ActiveCfg = Release|x64
		{80127958-2E60-44D4-BF4A-58A40123707A}.Release|x64.Build.0 = Release|x64
		{80127958-2E60-44D4-BF4A-58A40123707A}.Release|x86.ActiveCfg = Release|Win32
		{80127958-2E60-44D4-BF4A-58A40123707A}.Release|x86.Build.0 = Release|Win32
		{A5D01F42-D699-4C99-A958-8C4AD3A22B75}.Debug|x64.ActiveCfg = Debug|x64
		{A5D01F42-D699-4C99-A958-8C4AD3A22B75}.Debug|x64.Build.0 = Debug|x64
		{A5D01F42-D699-4C99-A958-8C4AD3A22B75}.Debug|x86.ActiveCfg = Debug|Win32
		{A5D01F42-D699-4C99-A958-8C4AD3A22B75}.Debug|x86.Build.0 = Debug|Win32
		{A5D01F42-D699-4C99-A958-8C4AD3A22B75}.Release|x64.ActiveCfg = Release|x64
		{A5D01F42-D699-4C99-A958-8C4AD3A22B75}.Release|x64.Build.0 = Release|x64
		{A5D01F42-D699-4C99-A958-8C4AD3A22B75}.Release|x86.ActiveCfg = Release|Win32
		{A5D01F42-D699-4C99-A958-8C4AD3A22B75}.Release|x86.Build.0 = Release|Win32
		{2634DEFD-EBC9-4636-B2F0-F8EF6720C22A}.Debug|x64.ActiveCfg = Debug|x64
		{2634DEFD-EBC9-4636-B2F0-F8EF6720C22A}.Debug|x64.Build.0 = Debug|x64
		{2634DEFD-EBC9-4636-B2F0-F8EF6720C22A}.Debug|x86.ActiveCfg = Debug|Win32
		{2634DEFD-EBC9-4636-B2F0-F8EF6720C22A}.Debug|x86.Build.0 = Debug|Win32
		{2634DEFD-EBC9-4636-B2F0-F8EF6720C22A}.Release|x64.ActiveCfg = Release|x64
		{2634DEFD-EBC9-4636-B2F0-F8EF6720C22A}.Release|x64.Build.0 = Release|x64
		{2634DEFD-EBC9-4636-B2F0-F8EF6720C22A}.Release|x86.ActiveCfg = Release|Win32
		{2634DEFD-EBC9-4636-B2F0-F8EF6720C22A}.Release|x86.Build.0 = Release|Win32
		{0E63DA86-794C-492E-AB81-9C0F7F86931F}.Debug|x64.ActiveCfg = Debug|x64
		{0E63DA86-794C-492E-AB81-9C0F7F86931F}.Debug|x64.Build.0 = Debug|x64
		{0E63DA86-794C-492E-AB81-9C0F7F86931F}.Debug|x86.ActiveCfg = Debug|Win32
		{0E63DA86-794C-492E-AB81-9C0F7F86931F}.Debug|x86.Build.0 = Debug|Win32
		{0E63DA86-794C-492E-AB81-9C0F7F86931F}.Release|x64.ActiveCfg = Release|x64
		{0E63DA86-794C-492E-AB81-9C0F7F86931F}.Release|x64.Build.0 = Release|x64
		{0E63DA86-794C-492E-AB81-9C0F7F86931F}.Release|x86.ActiveCfg = Release|Win32
		{0E63DA86-794C-492E-AB81-9C0F7F86931F}.Release|x86.Build.0 = Release|Win32
		{8334489B-086A-494D-88ED-86B601890CA1}.Debug|x64.ActiveCfg = Debug|x64
		{8334489B-086A-494D-88ED-86B601890CA1}.Debug|x64.Build.0 = Debug|x64
		{8334489B-086A-494D-88ED-86B601890CA1}.Debug|x86.ActiveCfg = Debug|Win32
		{8334489B-086A-494D-88ED-86B601890CA1}.Debug|x86.Build.0 = Debug|Win32
		{8334489B-086A-494D-88ED-86B601890CA1}.Release|x64.ActiveCfg = Release|x64
		{8334489B-086A-494D-88ED-86B601890CA1}.Release|x64.Build.0 = Release|x64
		{8334489B-086A-494D-88ED-86B601890CA1}.Release|x86.ActiveCfg = Release|Win32
		{8334489B-086A-494D-88ED-86B601890CA1}.Release|x86.Build.0 = Release|Win32
		{F3D7A379-6FA7-4F43-909C-37E6412D2E45}.Debug|x64.ActiveCfg = Debug|x64
		{F3D7A379-6FA7-4F43-909C-37E6412D2E45}.Debug|x64.Build.0 = Debug|x64
		{F3D7A379-6FA7-4F43-909C-37E6412D2E45}.Debug|x86.ActiveCfg = Debug|Win32
		{F3D7A379-6FA7-4F43-909C-37E6412D2E45}.Debug|x86.Build.0 = Debug|Win32
		{F3D7A379-6FA7-4F43-909C-37E6412D2E45}.Release|x64.ActiveCfg = Release|x64
		{F3D7A379-6FA7-4F43-909C-37E6412D2E45}.Release|x64.Build.0 = Release|x64
		{F3D7A379-6FA7-4F43-909C-37E6412D2E45}.Release|x86.ActiveCfg = Release|Win32
		{F3D7A379-6FA7-4F43-909C-37E6412D2E45}.Release|x86.Build.0 = Release|Win32
		{0B1DA71F-4D2B-425A-926E-EDEB65CED9BC}.Debug|x64.ActiveCfg = Debug|x64
		{0B1DA71F-4D2B-425A-926E-EDEB65CED9BC}.Debug|x64.Build.0 = Debug|x64
		{0B1DA71F-4D2B-425A-926E-EDEB65CED9BC}.Debug|x86.ActiveCfg = Debug|Win32
		{0B1DA71F-4D2B-425A-926E-EDEB65CED9BC}.Debug|x86.Build.0 = Debug|Win32
		{0B1DA71F-4D2B-425A-926E-EDEB65CED9BC}.Release|x64.ActiveCfg = Release|x64
		{0B1DA71F-4D2B-425A-926E-EDEB65CED9BC}.Release|x64.Build.0 = Release|x64
		{0B1DA71F-4D2B-425A-926E-EDEB65CED9BC}.Release|x86.ActiveCfg = Release|Win32
		{0B1DA71F-4D2B-425A-926E-EDEB65CED9BC}.Release|x86.Build.0 = Release|Win32
	EndGlobalSection
	GlobalSection(SolutionProperties) = preSolution
		HideSolutionNode = FALSE
	EndGlobalSection
	GlobalSection(ExtensibilityGlobals) = postSolution
		SolutionGuid = {D17E7C6B-2954-451C-8DA2-3D2645FB7665}
	EndGlobalSection
EndGlobal
