
Microsoft Visual Studio Solution File, Format Version 12.00
# Visual Studio Version 16
VisualStudioVersion = 16.0.29215.179
MinimumVisualStudioVersion = 10.0.40219.1
Project("{8BC9CEB8-8B4A-11D0-8D11-00A0C91BC942}") = "GLUtil", "GLUtil\GLUtil.vcxproj", "{80127958-2E60-44D4-BF4A-58A40123707A}"
EndProject
Project("{8BC9CEB8-8B4A-11D0-8D11-00A0C91BC942}") = "GLUtilTest", "GLUtilTest\GLUtilTest.vcxproj", "{A5D01F42-D699-4C99-A958-8C4AD3A22B75}"
EndProject
Project("{8BC9CEB8-8B4A-11D0-8D11-00A0C91BC942}") = "BarcyCenterExample", "BarcyCenterExample\BarcyCenterExample.vcxproj", "{2634DEFD-EBC9-4636-B2F0-F8EF6720C22A}"
EndProject
Project("{8BC9CEB8-8B4A-11D0-8D11-00A0C91BC942}") = "Orient3D", "Orient3D\Orient3D.vcxproj", "{0E63DA86-794C-492E-AB81-9C0F7F86931F}"
EndProject
Project("{8BC9CEB8-8B4A-11D0-8D11-00A0C91BC942}") = "GLSLTest", "GLSLTest\GLSLTest.vcxproj", "{8334489B-086A-494D-88ED-86B601890CA1}"
EndProject
Project("{8BC9CEB8-8B4A-11D0-8D11-00A0C91BC942}") = "RayTriangIntersection", "RayTriangIntersection\RayTriangIntersection.vcxproj", "{F3D7A379-6FA7-4F43-909C-37E6412D2E45}"
EndProject
Project("{8BC9CEB8-8B4A-11D0-8D11-00A0C91BC942}") = "PointAABBTest", "PointAABBTest\PointAABBTest.vcxproj", "{0B1DA71F-4D2B-425A-926E-EDEB65CED9BC}"
EndProject
Project("{8BC9CEB8-8B4A-11D0-8D11-00A0C91BC942}") = "ClothSimulation", "ClothSimulation\ClothSimulation.vcxproj", "{A9C27F15-CC45-4C27-BBD3-AD10C8D0AAB8}"
EndProject
Project("{8BC9CEB8-8B4A-11D0-8D11-00A0C91BC942}") = "Ellipse", "Ellipse\Ellipse.vcxproj", "{A6197A31-C3A1-474E-AB41-B9FA6A00C49B}"
EndProject
Project("{8BC9CEB8-8B4A-11D0-8D11-00A0C91BC942}") = "IntegrationComparison", "IntegrationComparison\IntegrationComparison.vcxproj", "{A28FBB37-EE34-48AD-A17F-DD730280D1A3}"
EndProject
Project("{8BC9CEB8-8B4A-11D0-8D11-00A0C91BC942}") = "ComputeExample", "ComputeExample\ComputeExample.vcxproj", "{0BFA152F-F962-4CC9-9360-A56B9749732C}"
EndProject
Project("{8BC9CEB8-8B4A-11D0-8D11-00A0C91BC942}") = "MassSpringEval", "MassSpringEval\MassSpringEval.vcxproj", "{8A805566-D1BE-4875-857A-9D3466747B0E}"
EndProject
Project("{8BC9CEB8-8B4A-11D0-8D11-00A0C91BC942}") = "lighting", "lighting\lighting.vcxproj", "{C1DFD411-3215-42B1-8C96-A836EBED3BF0}"
EndProject
Project("{8BC9CEB8-8B4A-11D0-8D11-00A0C91BC942}") = "sliders", "sliders\sliders.vcxproj", "{31D4C318-2BC7-483B-BC1D-4B5145361337}"
EndProject
Project("{8BC9CEB8-8B4A-11D0-8D11-00A0C91BC942}") = "ReflectionRefraction", "ReflectionRefraction\ReflectionRefraction.vcxproj", "{19D8879B-6A74-47E0-BEE3-3FBA5D3E354F}"
EndProject
Project("{8BC9CEB8-8B4A-11D0-8D11-00A0C91BC942}") = "PBR", "PBR\PBR.vcxproj", "{0666CA52-758F-453B-946A-C0FE64FFB268}"
EndProject
Project("{8BC9CEB8-8B4A-11D0-8D11-00A0C91BC942}") = "AxisAngle", "AxisAngle\AxisAngle.vcxproj", "{B2896B78-36E2-4C3E-A2E4-04EE133A1DA4}"
EndProject
Project("{8BC9CEB8-8B4A-11D0-8D11-00A0C91BC942}") = "FourierTransform", "FourierTransform\FourierTransform.vcxproj", "{CD2FF54F-9DA7-4592-967A-B9682A559148}"
EndProject
Project("{2150E333-8FDC-42A3-9474-1A3956D46DE8}") = "Solution Items", "Solution Items", "{2A01A981-9609-42A3-990D-567624B2FD30}"
	ProjectSection(SolutionItems) = preProject
		.gitignore = .gitignore
	EndProjectSection
EndProject
Project("{8BC9CEB8-8B4A-11D0-8D11-00A0C91BC942}") = "MacbethChart", "MacbethChart\MacbethChart.vcxproj", "{6E707F70-9DAA-4E06-B982-EE0EA618BC25}"
EndProject
Project("{8BC9CEB8-8B4A-11D0-8D11-00A0C91BC942}") = "Sampling", "Sampling\Sampling.vcxproj", "{66BC3917-8959-4219-A3A6-F1B24FEF0683}"
EndProject
Project("{8BC9CEB8-8B4A-11D0-8D11-00A0C91BC942}") = "LinearAlgebra", "LinearAlgebra\LinearAlgebra.vcxproj", "{C869C0C6-A529-4879-9974-738A7CFEA6AB}"
EndProject
Project("{8BC9CEB8-8B4A-11D0-8D11-00A0C91BC942}") = "VectorCalculus", "VectorCalculus\VectorCalculus.vcxproj", "{EE347B20-717F-49B8-8B25-0963A3984ECC}"
EndProject
Project("{8BC9CEB8-8B4A-11D0-8D11-00A0C91BC942}") = "fsim", "fsim\fsim.vcxproj", "{8982E23F-C84D-4C35-A3E2-A5217C69015D}"
EndProject
Project("{8BC9CEB8-8B4A-11D0-8D11-00A0C91BC942}") = "Tessellation", "Tessellation\Tessellation.vcxproj", "{3F49462B-73F6-4017-933A-B21B8826A3B8}"
EndProject
Project("{8BC9CEB8-8B4A-11D0-8D11-00A0C91BC942}") = "Maze", "Maze\Maze.vcxproj", "{D4A091E9-C4FC-4992-9036-61240CD8A09E}"
EndProject
Global
	GlobalSection(SolutionConfigurationPlatforms) = preSolution
		Debug|x64 = Debug|x64
		Debug|x86 = Debug|x86
		Release|x64 = Release|x64
		Release|x86 = Release|x86
	EndGlobalSection
	GlobalSection(ProjectConfigurationPlatforms) = postSolution
		{80127958-2E60-44D4-BF4A-58A40123707A}.Debug|x64.ActiveCfg = Debug|x64
		{80127958-2E60-44D4-BF4A-58A40123707A}.Debug|x64.Build.0 = Debug|x64
		{80127958-2E60-44D4-BF4A-58A40123707A}.Debug|x86.ActiveCfg = Debug|Win32
		{80127958-2E60-44D4-BF4A-58A40123707A}.Debug|x86.Build.0 = Debug|Win32
		{80127958-2E60-44D4-BF4A-58A40123707A}.Release|x64.ActiveCfg = Release|x64
		{80127958-2E60-44D4-BF4A-58A40123707A}.Release|x64.Build.0 = Release|x64
		{80127958-2E60-44D4-BF4A-58A40123707A}.Release|x86.ActiveCfg = Release|Win32
		{80127958-2E60-44D4-BF4A-58A40123707A}.Release|x86.Build.0 = Release|Win32
		{A5D01F42-D699-4C99-A958-8C4AD3A22B75}.Debug|x64.ActiveCfg = Debug|x64
		{A5D01F42-D699-4C99-A958-8C4AD3A22B75}.Debug|x64.Build.0 = Debug|x64
		{A5D01F42-D699-4C99-A958-8C4AD3A22B75}.Debug|x86.ActiveCfg = Debug|Win32
		{A5D01F42-D699-4C99-A958-8C4AD3A22B75}.Debug|x86.Build.0 = Debug|Win32
		{A5D01F42-D699-4C99-A958-8C4AD3A22B75}.Release|x64.ActiveCfg = Release|x64
		{A5D01F42-D699-4C99-A958-8C4AD3A22B75}.Release|x64.Build.0 = Release|x64
		{A5D01F42-D699-4C99-A958-8C4AD3A22B75}.Release|x86.ActiveCfg = Release|Win32
		{A5D01F42-D699-4C99-A958-8C4AD3A22B75}.Release|x86.Build.0 = Release|Win32
		{2634DEFD-EBC9-4636-B2F0-F8EF6720C22A}.Debug|x64.ActiveCfg = Debug|x64
		{2634DEFD-EBC9-4636-B2F0-F8EF6720C22A}.Debug|x64.Build.0 = Debug|x64
		{2634DEFD-EBC9-4636-B2F0-F8EF6720C22A}.Debug|x86.ActiveCfg = Debug|Win32
		{2634DEFD-EBC9-4636-B2F0-F8EF6720C22A}.Debug|x86.Build.0 = Debug|Win32
		{2634DEFD-EBC9-4636-B2F0-F8EF6720C22A}.Release|x64.ActiveCfg = Release|x64
		{2634DEFD-EBC9-4636-B2F0-F8EF6720C22A}.Release|x64.Build.0 = Release|x64
		{2634DEFD-EBC9-4636-B2F0-F8EF6720C22A}.Release|x86.ActiveCfg = Release|Win32
		{2634DEFD-EBC9-4636-B2F0-F8EF6720C22A}.Release|x86.Build.0 = Release|Win32
		{0E63DA86-794C-492E-AB81-9C0F7F86931F}.Debug|x64.ActiveCfg = Debug|x64
		{0E63DA86-794C-492E-AB81-9C0F7F86931F}.Debug|x64.Build.0 = Debug|x64
		{0E63DA86-794C-492E-AB81-9C0F7F86931F}.Debug|x86.ActiveCfg = Debug|Win32
		{0E63DA86-794C-492E-AB81-9C0F7F86931F}.Debug|x86.Build.0 = Debug|Win32
		{0E63DA86-794C-492E-AB81-9C0F7F86931F}.Release|x64.ActiveCfg = Release|x64
		{0E63DA86-794C-492E-AB81-9C0F7F86931F}.Release|x64.Build.0 = Release|x64
		{0E63DA86-794C-492E-AB81-9C0F7F86931F}.Release|x86.ActiveCfg = Release|Win32
		{0E63DA86-794C-492E-AB81-9C0F7F86931F}.Release|x86.Build.0 = Release|Win32
		{8334489B-086A-494D-88ED-86B601890CA1}.Debug|x64.ActiveCfg = Debug|x64
		{8334489B-086A-494D-88ED-86B601890CA1}.Debug|x64.Build.0 = Debug|x64
		{8334489B-086A-494D-88ED-86B601890CA1}.Debug|x86.ActiveCfg = Debug|Win32
		{8334489B-086A-494D-88ED-86B601890CA1}.Debug|x86.Build.0 = Debug|Win32
		{8334489B-086A-494D-88ED-86B601890CA1}.Release|x64.ActiveCfg = Release|x64
		{8334489B-086A-494D-88ED-86B601890CA1}.Release|x64.Build.0 = Release|x64
		{8334489B-086A-494D-88ED-86B601890CA1}.Release|x86.ActiveCfg = Release|Win32
		{8334489B-086A-494D-88ED-86B601890CA1}.Release|x86.Build.0 = Release|Win32
		{F3D7A379-6FA7-4F43-909C-37E6412D2E45}.Debug|x64.ActiveCfg = Debug|x64
		{F3D7A379-6FA7-4F43-909C-37E6412D2E45}.Debug|x64.Build.0 = Debug|x64
		{F3D7A379-6FA7-4F43-909C-37E6412D2E45}.Debug|x86.ActiveCfg = Debug|Win32
		{F3D7A379-6FA7-4F43-909C-37E6412D2E45}.Debug|x86.Build.0 = Debug|Win32
		{F3D7A379-6FA7-4F43-909C-37E6412D2E45}.Release|x64.ActiveCfg = Release|x64
		{F3D7A379-6FA7-4F43-909C-37E6412D2E45}.Release|x64.Build.0 = Release|x64
		{F3D7A379-6FA7-4F43-909C-37E6412D2E45}.Release|x86.ActiveCfg = Release|Win32
		{F3D7A379-6FA7-4F43-909C-37E6412D2E45}.Release|x86.Build.0 = Release|Win32
		{0B1DA71F-4D2B-425A-926E-EDEB65CED9BC}.Debug|x64.ActiveCfg = Debug|x64
		{0B1DA71F-4D2B-425A-926E-EDEB65CED9BC}.Debug|x64.Build.0 = Debug|x64
		{0B1DA71F-4D2B-425A-926E-EDEB65CED9BC}.Debug|x86.ActiveCfg = Debug|Win32
		{0B1DA71F-4D2B-425A-926E-EDEB65CED9BC}.Debug|x86.Build.0 = Debug|Win32
		{0B1DA71F-4D2B-425A-926E-EDEB65CED9BC}.Release|x64.ActiveCfg = Release|x64
		{0B1DA71F-4D2B-425A-926E-EDEB65CED9BC}.Release|x64.Build.0 = Release|x64
		{0B1DA71F-4D2B-425A-926E-EDEB65CED9BC}.Release|x86.ActiveCfg = Release|Win32
		{0B1DA71F-4D2B-425A-926E-EDEB65CED9BC}.Release|x86.Build.0 = Release|Win32
		{A9C27F15-CC45-4C27-BBD3-AD10C8D0AAB8}.Debug|x64.ActiveCfg = Debug|x64
		{A9C27F15-CC45-4C27-BBD3-AD10C8D0AAB8}.Debug|x64.Build.0 = Debug|x64
		{A9C27F15-CC45-4C27-BBD3-AD10C8D0AAB8}.Debug|x86.ActiveCfg = Debug|Win32
		{A9C27F15-CC45-4C27-BBD3-AD10C8D0AAB8}.Debug|x86.Build.0 = Debug|Win32
		{A9C27F15-CC45-4C27-BBD3-AD10C8D0AAB8}.Release|x64.ActiveCfg = Release|x64
		{A9C27F15-CC45-4C27-BBD3-AD10C8D0AAB8}.Release|x64.Build.0 = Release|x64
		{A9C27F15-CC45-4C27-BBD3-AD10C8D0AAB8}.Release|x86.ActiveCfg = Release|Win32
		{A9C27F15-CC45-4C27-BBD3-AD10C8D0AAB8}.Release|x86.Build.0 = Release|Win32
		{A6197A31-C3A1-474E-AB41-B9FA6A00C49B}.Debug|x64.ActiveCfg = Debug|x64
		{A6197A31-C3A1-474E-AB41-B9FA6A00C49B}.Debug|x64.Build.0 = Debug|x64
		{A6197A31-C3A1-474E-AB41-B9FA6A00C49B}.Debug|x86.ActiveCfg = Debug|Win32
		{A6197A31-C3A1-474E-AB41-B9FA6A00C49B}.Debug|x86.Build.0 = Debug|Win32
		{A6197A31-C3A1-474E-AB41-B9FA6A00C49B}.Release|x64.ActiveCfg = Release|x64
		{A6197A31-C3A1-474E-AB41-B9FA6A00C49B}.Release|x64.Build.0 = Release|x64
		{A6197A31-C3A1-474E-AB41-B9FA6A00C49B}.Release|x86.ActiveCfg = Release|Win32
		{A6197A31-C3A1-474E-AB41-B9FA6A00C49B}.Release|x86.Build.0 = Release|Win32
		{A28FBB37-EE34-48AD-A17F-DD730280D1A3}.Debug|x64.ActiveCfg = Debug|x64
		{A28FBB37-EE34-48AD-A17F-DD730280D1A3}.Debug|x64.Build.0 = Debug|x64
		{A28FBB37-EE34-48AD-A17F-DD730280D1A3}.Debug|x86.ActiveCfg = Debug|Win32
		{A28FBB37-EE34-48AD-A17F-DD730280D1A3}.Debug|x86.Build.0 = Debug|Win32
		{A28FBB37-EE34-48AD-A17F-DD730280D1A3}.Release|x64.ActiveCfg = Release|x64
		{A28FBB37-EE34-48AD-A17F-DD730280D1A3}.Release|x64.Build.0 = Release|x64
		{A28FBB37-EE34-48AD-A17F-DD730280D1A3}.Release|x86.ActiveCfg = Release|Win32
		{A28FBB37-EE34-48AD-A17F-DD730280D1A3}.Release|x86.Build.0 = Release|Win32
		{0BFA152F-F962-4CC9-9360-A56B9749732C}.Debug|x64.ActiveCfg = Debug|x64
		{0BFA152F-F962-4CC9-9360-A56B9749732C}.Debug|x64.Build.0 = Debug|x64
		{0BFA152F-F962-4CC9-9360-A56B9749732C}.Debug|x86.ActiveCfg = Debug|Win32
		{0BFA152F-F962-4CC9-9360-A56B9749732C}.Debug|x86.Build.0 = Debug|Win32
		{0BFA152F-F962-4CC9-9360-A56B9749732C}.Release|x64.ActiveCfg = Release|x64
		{0BFA152F-F962-4CC9-9360-A56B9749732C}.Release|x64.Build.0 = Release|x64
		{0BFA152F-F962-4CC9-9360-A56B9749732C}.Release|x86.ActiveCfg = Release|Win32
		{0BFA152F-F962-4CC9-9360-A56B9749732C}.Release|x86.Build.0 = Release|Win32
		{8A805566-D1BE-4875-857A-9D3466747B0E}.Debug|x64.ActiveCfg = Debug|x64
		{8A805566-D1BE-4875-857A-9D3466747B0E}.Debug|x64.Build.0 = Debug|x64
		{8A805566-D1BE-4875-857A-9D3466747B0E}.Debug|x86.ActiveCfg = Debug|Win32
		{8A805566-D1BE-4875-857A-9D3466747B0E}.Debug|x86.Build.0 = Debug|Win32
		{8A805566-D1BE-4875-857A-9D3466747B0E}.Release|x64.ActiveCfg = Release|x64
		{8A805566-D1BE-4875-857A-9D3466747B0E}.Release|x64.Build.0 = Release|x64
		{8A805566-D1BE-4875-857A-9D3466747B0E}.Release|x86.ActiveCfg = Release|Win32
		{8A805566-D1BE-4875-857A-9D3466747B0E}.Release|x86.Build.0 = Release|Win32
		{C1DFD411-3215-42B1-8C96-A836EBED3BF0}.Debug|x64.ActiveCfg = Debug|x64
		{C1DFD411-3215-42B1-8C96-A836EBED3BF0}.Debug|x64.Build.0 = Debug|x64
		{C1DFD411-3215-42B1-8C96-A836EBED3BF0}.Debug|x86.ActiveCfg = Debug|Win32
		{C1DFD411-3215-42B1-8C96-A836EBED3BF0}.Debug|x86.Build.0 = Debug|Win32
		{C1DFD411-3215-42B1-8C96-A836EBED3BF0}.Release|x64.ActiveCfg = Release|x64
		{C1DFD411-3215-42B1-8C96-A836EBED3BF0}.Release|x64.Build.0 = Release|x64
		{C1DFD411-3215-42B1-8C96-A836EBED3BF0}.Release|x86.ActiveCfg = Release|Win32
		{C1DFD411-3215-42B1-8C96-A836EBED3BF0}.Release|x86.Build.0 = Release|Win32
		{31D4C318-2BC7-483B-BC1D-4B5145361337}.Debug|x64.ActiveCfg = Debug|x64
		{31D4C318-2BC7-483B-BC1D-4B5145361337}.Debug|x64.Build.0 = Debug|x64
		{31D4C318-2BC7-483B-BC1D-4B5145361337}.Debug|x86.ActiveCfg = Debug|Win32
		{31D4C318-2BC7-483B-BC1D-4B5145361337}.Debug|x86.Build.0 = Debug|Win32
		{31D4C318-2BC7-483B-BC1D-4B5145361337}.Release|x64.ActiveCfg = Release|x64
		{31D4C318-2BC7-483B-BC1D-4B5145361337}.Release|x64.Build.0 = Release|x64
		{31D4C318-2BC7-483B-BC1D-4B5145361337}.Release|x86.ActiveCfg = Release|Win32
		{31D4C318-2BC7-483B-BC1D-4B5145361337}.Release|x86.Build.0 = Release|Win32
		{19D8879B-6A74-47E0-BEE3-3FBA5D3E354F}.Debug|x64.ActiveCfg = Debug|x64
		{19D8879B-6A74-47E0-BEE3-3FBA5D3E354F}.Debug|x64.Build.0 = Debug|x64
		{19D8879B-6A74-47E0-BEE3-3FBA5D3E354F}.Debug|x86.ActiveCfg = Debug|Win32
		{19D8879B-6A74-47E0-BEE3-3FBA5D3E354F}.Debug|x86.Build.0 = Debug|Win32
		{19D8879B-6A74-47E0-BEE3-3FBA5D3E354F}.Release|x64.ActiveCfg = Release|x64
		{19D8879B-6A74-47E0-BEE3-3FBA5D3E354F}.Release|x64.Build.0 = Release|x64
		{19D8879B-6A74-47E0-BEE3-3FBA5D3E354F}.Release|x86.ActiveCfg = Release|Win32
		{19D8879B-6A74-47E0-BEE3-3FBA5D3E354F}.Release|x86.Build.0 = Release|Win32
		{0666CA52-758F-453B-946A-C0FE64FFB268}.Debug|x64.ActiveCfg = Debug|x64
		{0666CA52-758F-453B-946A-C0FE64FFB268}.Debug|x64.Build.0 = Debug|x64
		{0666CA52-758F-453B-946A-C0FE64FFB268}.Debug|x86.ActiveCfg = Debug|Win32
		{0666CA52-758F-453B-946A-C0FE64FFB268}.Debug|x86.Build.0 = Debug|Win32
		{0666CA52-758F-453B-946A-C0FE64FFB268}.Release|x64.ActiveCfg = Release|x64
		{0666CA52-758F-453B-946A-C0FE64FFB268}.Release|x64.Build.0 = Release|x64
		{0666CA52-758F-453B-946A-C0FE64FFB268}.Release|x86.ActiveCfg = Release|Win32
		{0666CA52-758F-453B-946A-C0FE64FFB268}.Release|x86.Build.0 = Release|Win32
		{B2896B78-36E2-4C3E-A2E4-04EE133A1DA4}.Debug|x64.ActiveCfg = Debug|x64
		{B2896B78-36E2-4C3E-A2E4-04EE133A1DA4}.Debug|x64.Build.0 = Debug|x64
		{B2896B78-36E2-4C3E-A2E4-04EE133A1DA4}.Debug|x86.ActiveCfg = Debug|Win32
		{B2896B78-36E2-4C3E-A2E4-04EE133A1DA4}.Debug|x86.Build.0 = Debug|Win32
		{B2896B78-36E2-4C3E-A2E4-04EE133A1DA4}.Release|x64.ActiveCfg = Release|x64
		{B2896B78-36E2-4C3E-A2E4-04EE133A1DA4}.Release|x64.Build.0 = Release|x64
		{B2896B78-36E2-4C3E-A2E4-04EE133A1DA4}.Release|x86.ActiveCfg = Release|Win32
		{B2896B78-36E2-4C3E-A2E4-04EE133A1DA4}.Release|x86.Build.0 = Release|Win32
		{CD2FF54F-9DA7-4592-967A-B9682A559148}.Debug|x64.ActiveCfg = Debug|x64
		{CD2FF54F-9DA7-4592-967A-B9682A559148}.Debug|x64.Build.0 = Debug|x64
		{CD2FF54F-9DA7-4592-967A-B9682A559148}.Debug|x86.ActiveCfg = Debug|Win32
		{CD2FF54F-9DA7-4592-967A-B9682A559148}.Debug|x86.Build.0 = Debug|Win32
		{CD2FF54F-9DA7-4592-967A-B9682A559148}.Release|x64.ActiveCfg = Release|x64
		{CD2FF54F-9DA7-4592-967A-B9682A559148}.Release|x64.Build.0 = Release|x64
		{CD2FF54F-9DA7-4592-967A-B9682A559148}.Release|x86.ActiveCfg = Release|Win32
		{CD2FF54F-9DA7-4592-967A-B9682A559148}.Release|x86.Build.0 = Release|Win32
		{6E707F70-9DAA-4E06-B982-EE0EA618BC25}.Debug|x64.ActiveCfg = Debug|x64
		{6E707F70-9DAA-4E06-B982-EE0EA618BC25}.Debug|x64.Build.0 = Debug|x64
		{6E707F70-9DAA-4E06-B982-EE0EA618BC25}.Debug|x86.ActiveCfg = Debug|Win32
		{6E707F70-9DAA-4E06-B982-EE0EA618BC25}.Debug|x86.Build.0 = Debug|Win32
		{6E707F70-9DAA-4E06-B982-EE0EA618BC25}.Release|x64.ActiveCfg = Release|x64
		{6E707F70-9DAA-4E06-B982-EE0EA618BC25}.Release|x64.Build.0 = Release|x64
		{6E707F70-9DAA-4E06-B982-EE0EA618BC25}.Release|x86.ActiveCfg = Release|Win32
		{6E707F70-9DAA-4E06-B982-EE0EA618BC25}.Release|x86.Build.0 = Release|Win32
		{66BC3917-8959-4219-A3A6-F1B24FEF0683}.Debug|x64.ActiveCfg = Debug|x64
		{66BC3917-8959-4219-A3A6-F1B24FEF0683}.Debug|x64.Build.0 = Debug|x64
		{66BC3917-8959-4219-A3A6-F1B24FEF0683}.Debug|x86.ActiveCfg = Debug|Win32
		{66BC3917-8959-4219-A3A6-F1B24FEF0683}.Debug|x86.Build.0 = Debug|Win32
		{66BC3917-8959-4219-A3A6-F1B24FEF0683}.Release|x64.ActiveCfg = Release|x64
		{66BC3917-8959-4219-A3A6-F1B24FEF0683}.Release|x64.Build.0 = Release|x64
		{66BC3917-8959-4219-A3A6-F1B24FEF0683}.Release|x86.ActiveCfg = Release|Win32
		{66BC3917-8959-4219-A3A6-F1B24FEF0683}.Release|x86.Build.0 = Release|Win32
		{C869C0C6-A529-4879-9974-738A7CFEA6AB}.Debug|x64.ActiveCfg = Debug|x64
		{C869C0C6-A529-4879-9974-738A7CFEA6AB}.Debug|x64.Build.0 = Debug|x64
		{C869C0C6-A529-4879-9974-738A7CFEA6AB}.Debug|x86.ActiveCfg = Debug|Win32
		{C869C0C6-A529-4879-9974-738A7CFEA6AB}.Debug|x86.Build.0 = Debug|Win32
		{C869C0C6-A529-4879-9974-738A7CFEA6AB}.Release|x64.ActiveCfg = Release|x64
		{C869C0C6-A529-4879-9974-738A7CFEA6AB}.Release|x64.Build.0 = Release|x64
		{C869C0C6-A529-4879-9974-738A7CFEA6AB}.Release|x86.ActiveCfg = Release|Win32
		{C869C0C6-A529-4879-9974-738A7CFEA6AB}.Release|x86.Build.0 = Release|Win32
		{EE347B20-717F-49B8-8B25-0963A3984ECC}.Debug|x64.ActiveCfg = Debug|x64
		{EE347B20-717F-49B8-8B25-0963A3984ECC}.Debug|x64.Build.0 = Debug|x64
		{EE347B20-717F-49B8-8B25-0963A3984ECC}.Debug|x86.ActiveCfg = Debug|Win32
		{EE347B20-717F-49B8-8B25-0963A3984ECC}.Debug|x86.Build.0 = Debug|Win32
		{EE347B20-717F-49B8-8B25-0963A3984ECC}.Release|x64.ActiveCfg = Release|x64
		{EE347B20-717F-49B8-8B25-0963A3984ECC}.Release|x64.Build.0 = Release|x64
		{EE347B20-717F-49B8-8B25-0963A3984ECC}.Release|x86.ActiveCfg = Release|Win32
		{EE347B20-717F-49B8-8B25-0963A3984ECC}.Release|x86.Build.0 = Release|Win32
		{8982E23F-C84D-4C35-A3E2-A5217C69015D}.Debug|x64.ActiveCfg = Debug|x64
		{8982E23F-C84D-4C35-A3E2-A5217C69015D}.Debug|x64.Build.0 = Debug|x64
		{8982E23F-C84D-4C35-A3E2-A5217C69015D}.Debug|x86.ActiveCfg = Debug|Win32
		{8982E23F-C84D-4C35-A3E2-A5217C69015D}.Debug|x86.Build.0 = Debug|Win32
		{8982E23F-C84D-4C35-A3E2-A5217C69015D}.Release|x64.ActiveCfg = Release|x64
		{8982E23F-C84D-4C35-A3E2-A5217C69015D}.Release|x64.Build.0 = Release|x64
		{8982E23F-C84D-4C35-A3E2-A5217C69015D}.Release|x86.ActiveCfg = Release|Win32
		{8982E23F-C84D-4C35-A3E2-A5217C69015D}.Release|x86.Build.0 = Release|Win32
		{3F49462B-73F6-4017-933A-B21B8826A3B8}.Debug|x64.ActiveCfg = Debug|x64
		{3F49462B-73F6-4017-933A-B21B8826A3B8}.Debug|x64.Build.0 = Debug|x64
		{3F49462B-73F6-4017-933A-B21B8826A3B8}.Debug|x86.ActiveCfg = Debug|Win32
		{3F49462B-73F6-4017-933A-B21B8826A3B8}.Debug|x86.Build.0 = Debug|Win32
		{3F49462B-73F6-4017-933A-B21B8826A3B8}.Release|x64.ActiveCfg = Release|x64
		{3F49462B-73F6-4017-933A-B21B8826A3B8}.Release|x64.Build.0 = Release|x64
		{3F49462B-73F6-4017-933A-B21B8826A3B8}.Release|x86.ActiveCfg = Release|Win32
		{3F49462B-73F6-4017-933A-B21B8826A3B8}.Release|x86.Build.0 = Release|Win32
		{D4A091E9-C4FC-4992-9036-61240CD8A09E}.Debug|x64.ActiveCfg = Debug|x64
		{D4A091E9-C4FC-4992-9036-61240CD8A09E}.Debug|x64.Build.0 = Debug|x64
		{D4A091E9-C4FC-4992-9036-61240CD8A09E}.Debug|x86.ActiveCfg = Debug|Win32
		{D4A091E9-C4FC-4992-9036-61240CD8A09E}.Debug|x86.Build.0 = Debug|Win32
		{D4A091E9-C4FC-4992-9036-61240CD8A09E}.Release|x64.ActiveCfg = Release|x64
		{D4A091E9-C4FC-4992-9036-61240CD8A09E}.Release|x64.Build.0 = Release|x64
		{D4A091E9-C4FC-4992-9036-61240CD8A09E}.Release|x86.ActiveCfg = Release|Win32
		{D4A091E9-C4FC-4992-9036-61240CD8A09E}.Release|x86.Build.0 = Release|Win32
	EndGlobalSection
	GlobalSection(SolutionProperties) = preSolution
		HideSolutionNode = FALSE
	EndGlobalSection
	GlobalSection(ExtensibilityGlobals) = postSolution
		SolutionGuid = {D17E7C6B-2954-451C-8DA2-3D2645FB7665}
	EndGlobalSection
EndGlobal
