<?xml version="1.0" encoding="utf-8"?>
<Project ToolsVersion="4.0" xmlns="http://schemas.microsoft.com/developer/msbuild/2003">
  <ItemGroup>
    <Filter Include="Source Files">
      <UniqueIdentifier>{4FC737F1-C7A5-4376-A066-2A32D752A2FF}</UniqueIdentifier>
      <Extensions>cpp;c;cc;cxx;def;odl;idl;hpj;bat;asm;asmx</Extensions>
    </Filter>
    <Filter Include="Header Files">
      <UniqueIdentifier>{93995380-89BD-4b04-88EB-625FBE52EBFB}</UniqueIdentifier>
      <Extensions>h;hh;hpp;hxx;hm;inl;inc;xsd</Extensions>
    </Filter>
    <Filter Include="Resource Files">
      <UniqueIdentifier>{67DA6AB6-F800-4c08-8B7A-83BB121AAD01}</UniqueIdentifier>
      <Extensions>rc;ico;cur;bmp;dlg;rc2;rct;bin;rgs;gif;jpg;jpeg;jpe;resx;tiff;tif;png;wav;mfcribbon-ms</Extensions>
    </Filter>
    <Filter Include="shaders">
      <UniqueIdentifier>{238264ee-9297-4f20-af70-b3f7f04765b5}</UniqueIdentifier>
    </Filter>
    <Filter Include="build">
      <UniqueIdentifier>{d6cba899-9080-4591-ab3b-cc6febd99b19}</UniqueIdentifier>
    </Filter>
    <Filter Include="Header Files\examples">
      <UniqueIdentifier>{229209a9-bd2e-4ed7-a8a4-f09b09ee893f}</UniqueIdentifier>
    </Filter>
    <Filter Include="Header Files\core">
      <UniqueIdentifier>{7870b115-19c8-46ca-a484-2f71913983d2}</UniqueIdentifier>
    </Filter>
    <Filter Include="Header Files\geometry">
      <UniqueIdentifier>{c5efc520-f80f-4a9b-a208-1d1656109018}</UniqueIdentifier>
    </Filter>
    <Filter Include="Header Files\geometry\bounding_volumes">
      <UniqueIdentifier>{797b70bd-cfe0-40d3-be7c-777e551f133c}</UniqueIdentifier>
    </Filter>
    <Filter Include="Header Files\space_partition">
      <UniqueIdentifier>{3a1be322-6703-4c50-8cde-cb7a0ea21bd3}</UniqueIdentifier>
    </Filter>
    <Filter Include="Header Files\data_structure">
      <UniqueIdentifier>{648e359f-2759-4bbf-a922-265f090e7813}</UniqueIdentifier>
    </Filter>
    <Filter Include="Header Files\geometry\primitives">
      <UniqueIdentifier>{0d8ce61f-6134-4087-b722-cea4828be23a}</UniqueIdentifier>
    </Filter>
    <Filter Include="Header Files\ui">
      <UniqueIdentifier>{e39b33ad-eaac-434a-884c-c8b87da33b46}</UniqueIdentifier>
    </Filter>
    <Filter Include="Header Files\environment">
      <UniqueIdentifier>{9fc1b373-767d-48de-83da-fd0599b4012b}</UniqueIdentifier>
    </Filter>
    <Filter Include="Header Files\sampling">
      <UniqueIdentifier>{469d5029-82cd-47d6-a053-c0b55ecb2e5e}</UniqueIdentifier>
    </Filter>
  </ItemGroup>
  <ItemGroup>
    <Text Include="ReadMe.txt" />
    <Text Include="phongModel.txt">
      <Filter>shaders</Filter>
    </Text>
  </ItemGroup>
  <ItemGroup>
    <ClInclude Include="stdafx.h">
      <Filter>Header Files</Filter>
    </ClInclude>
    <ClInclude Include="targetver.h">
      <Filter>Header Files</Filter>
    </ClInclude>
    <ClInclude Include="include\ncl\gl\logger.h">
      <Filter>Header Files</Filter>
    </ClInclude>
    <ClInclude Include="include\ncl\gl\Cube.h">
      <Filter>Header Files\geometry\primitives</Filter>
    </ClInclude>
    <ClInclude Include="include\ncl\gl\Plane.h">
      <Filter>Header Files\geometry\primitives</Filter>
    </ClInclude>
    <ClInclude Include="include\ncl\gl\Drawable.h">
      <Filter>Header Files\geometry\primitives</Filter>
    </ClInclude>
    <ClInclude Include="include\ncl\gl\Model.h">
      <Filter>Header Files\geometry\primitives</Filter>
    </ClInclude>
    <ClInclude Include="include\ncl\gl\Bounds.h">
      <Filter>Header Files\geometry\primitives</Filter>
    </ClInclude>
    <ClInclude Include="include\ncl\gl\mesh.h">
      <Filter>Header Files\geometry\primitives</Filter>
    </ClInclude>
    <ClInclude Include="include\ncl\gl\VBOObject.h">
      <Filter>Header Files\geometry\primitives</Filter>
    </ClInclude>
    <ClInclude Include="include\ncl\gl\Sphere.h">
      <Filter>Header Files\geometry\primitives</Filter>
    </ClInclude>
    <ClInclude Include="include\ncl\gl\primitives.h">
      <Filter>Header Files\geometry\primitives</Filter>
    </ClInclude>
    <ClInclude Include="include\ncl\gl\Shape.h">
      <Filter>Header Files\geometry\primitives</Filter>
    </ClInclude>
    <ClInclude Include="include\ncl\gl\ProvidedMesh.h">
      <Filter>Header Files\geometry\primitives</Filter>
    </ClInclude>
    <ClInclude Include="include\ncl\gl\Teapot.h">
      <Filter>Header Files\geometry\primitives</Filter>
    </ClInclude>
    <ClInclude Include="include\ncl\gl\teapotdata.h">
      <Filter>Header Files\geometry\primitives</Filter>
    </ClInclude>
    <ClInclude Include="TestScene.h">
      <Filter>Header Files\examples</Filter>
    </ClInclude>
    <ClInclude Include="exampleScene.h">
      <Filter>Header Files\examples</Filter>
    </ClInclude>
    <ClInclude Include="TesellationExample.h">
      <Filter>Header Files\examples</Filter>
    </ClInclude>
    <ClInclude Include="include\ncl\gl\PatchTeapot.h">
      <Filter>Header Files\geometry\primitives</Filter>
    </ClInclude>
    <ClInclude Include="include\ncl\gl\Hemisphere.h">
      <Filter>Header Files\geometry\primitives</Filter>
    </ClInclude>
    <ClInclude Include="include\ncl\gl\Cylinder.h">
      <Filter>Header Files\geometry\primitives</Filter>
    </ClInclude>
    <ClInclude Include="include\ncl\gl\Cone.h">
      <Filter>Header Files\geometry\primitives</Filter>
    </ClInclude>
    <ClInclude Include="ImageViewer.h">
      <Filter>Header Files\examples</Filter>
    </ClInclude>
    <ClInclude Include="include\ncl\gl\Font.h">
      <Filter>Header Files\core</Filter>
    </ClInclude>
    <ClInclude Include="include\ncl\gl\common.h">
      <Filter>Header Files\core</Filter>
    </ClInclude>
    <ClInclude Include="include\ncl\gl\GlfwApp.h">
      <Filter>Header Files\core</Filter>
    </ClInclude>
    <ClInclude Include="include\ncl\gl\Image.h">
      <Filter>Header Files\core</Filter>
    </ClInclude>
    <ClInclude Include="include\ncl\gl\input.h">
      <Filter>Header Files\core</Filter>
    </ClInclude>
    <ClInclude Include="include\ncl\gl\Keyboard.h">
      <Filter>Header Files\core</Filter>
    </ClInclude>
    <ClInclude Include="include\ncl\gl\Scene.h">
      <Filter>Header Files\core</Filter>
    </ClInclude>
    <ClInclude Include="include\ncl\gl\Shader.h">
      <Filter>Header Files\core</Filter>
    </ClInclude>
    <ClInclude Include="include\ncl\gl\Timer.h">
      <Filter>Header Files\core</Filter>
    </ClInclude>
    <ClInclude Include="include\ncl\gl\util.h">
      <Filter>Header Files\core</Filter>
    </ClInclude>
    <ClInclude Include="FontTest.h">
      <Filter>Header Files\examples</Filter>
    </ClInclude>
    <ClInclude Include="_virtualkeys.hpp">
      <Filter>Header Files\core</Filter>
    </ClInclude>
    <ClInclude Include="include\ncl\gl\3DConnexion.h">
      <Filter>Header Files\core</Filter>
    </ClInclude>
    <ClInclude Include="include\ncl\gl\textures.h">
      <Filter>Header Files\core</Filter>
    </ClInclude>
    <ClInclude Include="include\ncl\gl\Noise.h">
      <Filter>Header Files\core</Filter>
    </ClInclude>
    <ClInclude Include="include\ncl\gl\PatchShape.h">
      <Filter>Header Files\geometry\primitives</Filter>
    </ClInclude>
    <ClInclude Include="include\ncl\gl\UserCameraController.h">
      <Filter>Header Files</Filter>
    </ClInclude>
    <ClInclude Include="include\ncl\gl\orientation.h">
      <Filter>Header Files\core</Filter>
    </ClInclude>
    <ClInclude Include="include\ncl\gl\Camera.h">
      <Filter>Header Files</Filter>
    </ClInclude>
    <ClInclude Include="include\ncl\gl\HalfEdge.h">
      <Filter>Header Files\core</Filter>
    </ClInclude>
    <ClInclude Include="include\ncl\gl\WithTriangleAdjacency.h">
      <Filter>Header Files\geometry\primitives</Filter>
    </ClInclude>
    <ClInclude Include="include\ncl\gl\WithTrianglation.h">
      <Filter>Header Files\geometry\primitives</Filter>
    </ClInclude>
    <ClInclude Include="include\ncl\gl\CrossHair.h">
      <Filter>Header Files\geometry\primitives</Filter>
    </ClInclude>
    <ClInclude Include="include\ncl\gl\VAOObject.h">
      <Filter>Header Files\geometry\primitives</Filter>
    </ClInclude>
    <ClInclude Include="include\ncl\gl\models.h">
      <Filter>Header Files\core</Filter>
    </ClInclude>
    <ClInclude Include="include\ncl\gl\geometry.h">
      <Filter>Header Files\core</Filter>
    </ClInclude>
    <ClInclude Include="include\ncl\gl\rayTracingUtilities.h">
      <Filter>Header Files\geometry\primitives</Filter>
    </ClInclude>
    <ClInclude Include="include\ncl\gl\shaders.h">
      <Filter>Header Files\core</Filter>
    </ClInclude>
    <ClInclude Include="include\ncl\gl\Vector.h">
      <Filter>Header Files\geometry\primitives</Filter>
    </ClInclude>
    <ClInclude Include="include\ncl\gl\TransformFeedBack.h">
      <Filter>Header Files\core</Filter>
    </ClInclude>
    <ClInclude Include="include\ncl\gl\Cloth.h">
      <Filter>Header Files</Filter>
    </ClInclude>
    <ClInclude Include="include\ncl\gl\shader_binding.h">
      <Filter>Header Files\core</Filter>
    </ClInclude>
    <ClInclude Include="include\ncl\geom\Plane.h">
      <Filter>Header Files\geometry</Filter>
    </ClInclude>
    <ClInclude Include="include\ncl\geom\Triangle.h">
      <Filter>Header Files\geometry</Filter>
    </ClInclude>
    <ClInclude Include="include\ncl\configured_logger.h">
      <Filter>Header Files</Filter>
    </ClInclude>
    <ClInclude Include="include\ncl\geom\bounding_volumn.h">
      <Filter>Header Files\geometry\bounding_volumes</Filter>
    </ClInclude>
    <ClInclude Include="include\ncl\geom\AABB.h">
      <Filter>Header Files\geometry\bounding_volumes</Filter>
    </ClInclude>
    <ClInclude Include="include\ncl\geom\visualize_bounding_volumes.h">
      <Filter>Header Files\geometry\bounding_volumes</Filter>
    </ClInclude>
    <ClInclude Include="include\ncl\geom\Ray.h">
      <Filter>Header Files\geometry</Filter>
    </ClInclude>
    <ClInclude Include="include\ncl\gl\DoubleBufferedObj.h">
      <Filter>Header Files\geometry\primitives</Filter>
    </ClInclude>
    <ClInclude Include="include\ncl\gl\gl_commands.h">
      <Filter>Header Files\core</Filter>
    </ClInclude>
    <ClInclude Include="include\ncl\gl\AABBShape.h">
      <Filter>Header Files\geometry\primitives</Filter>
    </ClInclude>
    <ClInclude Include="include\glm\vec_util.h">
      <Filter>Header Files</Filter>
    </ClInclude>
    <ClInclude Include="include\ncl\space_partition\bsp_tree.h">
      <Filter>Header Files\space_partition</Filter>
    </ClInclude>
    <ClInclude Include="include\ncl\data_structure\binary_tree.h">
      <Filter>Header Files\data_structure</Filter>
    </ClInclude>
    <ClInclude Include="include\ncl\geom\bvh.h">
      <Filter>Header Files\geometry\bounding_volumes</Filter>
    </ClInclude>
    <ClInclude Include="include\ncl\gl\AttributeCapture.h">
      <Filter>Header Files</Filter>
    </ClInclude>
    <ClInclude Include="include\ncl\gl\Resolution.h">
      <Filter>Header Files\core</Filter>
    </ClInclude>
    <ClInclude Include="include\ncl\gl\compute.h">
      <Filter>Header Files\core</Filter>
    </ClInclude>
    <ClInclude Include="include\ncl\gl\CopyBuffer.h">
      <Filter>Header Files</Filter>
    </ClInclude>
    <ClInclude Include="include\ncl\gl\WithTangent.h">
      <Filter>Header Files\geometry</Filter>
    </ClInclude>
    <ClInclude Include="include\ncl\ui\slider.h">
      <Filter>Header Files\ui</Filter>
    </ClInclude>
    <ClInclude Include="include\ncl\ui\panel.h">
      <Filter>Header Files\ui</Filter>
    </ClInclude>
    <ClInclude Include="include\ncl\ui\component.h">
      <Filter>Header Files\ui</Filter>
    </ClInclude>
    <ClInclude Include="include\ncl\ui\ui.h">
      <Filter>Header Files\ui</Filter>
    </ClInclude>
    <ClInclude Include="include\ncl\ui\lineSlider.h">
      <Filter>Header Files\ui</Filter>
    </ClInclude>
    <ClInclude Include="include\ncl\ui\arcSlider.h">
      <Filter>Header Files\ui</Filter>
    </ClInclude>
    <ClInclude Include="include\ncl\units\units.h">
      <Filter>Header Files\core</Filter>
    </ClInclude>
    <ClInclude Include="include\ncl\ui\RadioButton.h">
      <Filter>Header Files\ui</Filter>
    </ClInclude>
    <ClInclude Include="include\ncl\gl\SkyBox.h">
      <Filter>Header Files\environment</Filter>
    </ClInclude>
    <ClInclude Include="include\ncl\geom\bvh2.h">
      <Filter>Header Files\geometry\bounding_volumes</Filter>
    </ClInclude>
    <ClInclude Include="include\ncl\geom\aabb2.h">
      <Filter>Header Files\geometry</Filter>
    </ClInclude>
    <ClInclude Include="include\ncl\geom\detail\bvh2.inl">
      <Filter>Header Files\geometry\bounding_volumes</Filter>
    </ClInclude>
    <ClInclude Include="include\ncl\gl\MeshLoader.h">
      <Filter>Header Files</Filter>
    </ClInclude>
    <ClInclude Include="include\ncl\gl\MeshNormalizer.h">
      <Filter>Header Files</Filter>
    </ClInclude>
    <ClInclude Include="include\ncl\gl\spectrum.h">
      <Filter>Header Files\core</Filter>
    </ClInclude>
    <ClInclude Include="include\ncl\sampling\sampling.h">
      <Filter>Header Files\sampling</Filter>
    </ClInclude>
    <ClInclude Include="include\ncl\sampling\Sampler.h">
      <Filter>Header Files\sampling</Filter>
    </ClInclude>
  </ItemGroup>
  <ItemGroup>
    <ClCompile Include="stdafx.cpp">
      <Filter>Source Files</Filter>
    </ClCompile>
    <ClCompile Include="GLUtil.cpp">
      <Filter>Source Files</Filter>
    </ClCompile>
  </ItemGroup>
  <ItemGroup>
    <None Include="shaders\identity.frag">
      <Filter>shaders</Filter>
    </None>
    <None Include="shaders\identity.vert">
      <Filter>shaders</Filter>
    </None>
    <None Include="shaders\texture.frag">
      <Filter>shaders</Filter>
    </None>
    <None Include="shaders\lightMap.frag">
      <Filter>shaders</Filter>
    </None>
    <None Include="shaders\lightMap.vert">
      <Filter>shaders</Filter>
    </None>
    <None Include="shaders\phong_lighting.vert">
      <Filter>shaders</Filter>
    </None>
    <None Include="shaders\basic.frag">
      <Filter>shaders</Filter>
    </None>
    <None Include="shaders\phong_lighting2.vert">
      <Filter>shaders</Filter>
    </None>
    <None Include="build.gradle">
      <Filter>build</Filter>
    </None>
    <None Include="shaders\pass_through.tcs">
      <Filter>shaders</Filter>
    </None>
    <None Include="shaders\pass_through.tes">
      <Filter>shaders</Filter>
    </None>
    <None Include="shaders\pass_through.vert">
      <Filter>shaders</Filter>
    </None>
    <None Include="shaders\pass_through.frag">
      <Filter>shaders</Filter>
    </None>
    <None Include="shaders\teapot.tcs">
      <Filter>shaders</Filter>
    </None>
    <None Include="shaders\teapot.tes">
      <Filter>shaders</Filter>
    </None>
    <None Include="shaders\teapot.frag">
      <Filter>shaders</Filter>
    </None>
    <None Include="shaders\teapot.vert">
      <Filter>shaders</Filter>
    </None>
    <None Include="shaders\per_fragment_lighing.frag">
      <Filter>shaders</Filter>
    </None>
    <None Include="shaders\per_fragment_lighing.vert">
      <Filter>shaders</Filter>
    </None>
    <None Include="shaders\wireframe.geom">
      <Filter>shaders</Filter>
    </None>
    <None Include="shaders\font.vert">
      <Filter>shaders</Filter>
    </None>
    <None Include="shaders\font.frag">
      <Filter>shaders</Filter>
    </None>
    <None Include="include\ncl\gl\Shader.inl">
      <Filter>Header Files\core</Filter>
    </None>
    <None Include="shader.frag">
      <Filter>shaders</Filter>
    </None>
    <None Include="shader.vert">
      <Filter>shaders</Filter>
    </None>
    <None Include="shaders\ui.vert">
      <Filter>shaders</Filter>
    </None>
    <None Include="shaders\ui.frag">
      <Filter>shaders</Filter>
    </None>
    <None Include="shaders\noise.frag">
      <Filter>shaders</Filter>
    </None>
    <None Include="shaders\noise3d.vert">
      <Filter>shaders</Filter>
    </None>
    <None Include="shaders\noise3d.frag">
      <Filter>shaders</Filter>
    </None>
    <None Include="include\shaders\simple_light.vert">
      <Filter>shaders</Filter>
    </None>
    <None Include="shaders\simple_light.frag" />
    <None Include="shaders\quad.tes">
      <Filter>shaders</Filter>
    </None>
    <None Include="shaders\quad.vert">
      <Filter>shaders</Filter>
    </None>
    <None Include="include\ncl\gl\camera.inl">
      <Filter>Header Files</Filter>
    </None>
    <None Include="include\shaders\ads_diffuse.glsl">
      <Filter>shaders</Filter>
    </None>
    <None Include="include\shaders\composite_diffuse.glsl">
      <Filter>shaders</Filter>
    </None>
    <None Include="include\shaders\constants.glsl">
      <Filter>shaders</Filter>
    </None>
    <None Include="include\shaders\lighting.frag.glsl">
      <Filter>shaders</Filter>
    </None>
    <None Include="include\shaders\lighting.vert.glsl">
      <Filter>shaders</Filter>
    </None>
    <None Include="include\shaders\lightModel.glsl">
      <Filter>shaders</Filter>
    </None>
    <None Include="include\shaders\normal_calculator.glsl">
      <Filter>shaders</Filter>
    </None>
    <None Include="include\shaders\toon_diffuse.glsl">
      <Filter>shaders</Filter>
    </None>
    <None Include="include\shaders\vertex_in.glsl">
      <Filter>shaders</Filter>
    </None>
    <None Include="include\shaders\vertex_in_array.glsl">
      <Filter>shaders</Filter>
    </None>
    <None Include="include\shaders\vertex_out.glsl">
      <Filter>shaders</Filter>
    </None>
    <None Include="include\shaders\vertex_out_array.glsl">
      <Filter>shaders</Filter>
    </None>
    <None Include="include\shaders\wireframe.glsl">
      <Filter>shaders</Filter>
    </None>
    <None Include="include\shaders\wireframe_geom.glsl">
      <Filter>shaders</Filter>
    </None>
    <None Include="shaders\mass_spring.comp">
      <Filter>shaders</Filter>
    </None>
    <None Include="shaders\per_fragment_lighting2.vert">
      <Filter>shaders</Filter>
    </None>
    <None Include="shaders\per_fragment_lighting2.frag">
      <Filter>shaders</Filter>
    </None>
    <None Include="shaders\skybox.vert">
      <Filter>shaders</Filter>
    </None>
    <None Include="shaders\skybox.frag">
      <Filter>shaders</Filter>
    </None>
    <None Include="include\shaders\triangle_ray_intersection.glsl">
      <Filter>shaders</Filter>
    </None>
    <None Include="include\shaders\aabb.glsl" />
    <None Include="include\ncl\sampling\Sampler.inl">
      <Filter>Header Files\sampling</Filter>
    </None>
  </ItemGroup>
  <ItemGroup>
    <Image Include="media\textures\floor_color_map.tga">
      <Filter>Resource Files</Filter>
    </Image>
    <Image Include="media\textures\floor_light_map.tga">
      <Filter>Resource Files</Filter>
    </Image>
    <Image Include="media\textures\Portrait-8.jpg">
      <Filter>Resource Files</Filter>
    </Image>
  </ItemGroup>
</Project>