<?xml version="1.0" encoding="utf-8"?>
<Project ToolsVersion="4.0" xmlns="http://schemas.microsoft.com/developer/msbuild/2003">
  <ItemGroup>
    <Filter Include="Source Files">
      <UniqueIdentifier>{4FC737F1-C7A5-4376-A066-2A32D752A2FF}</UniqueIdentifier>
      <Extensions>cpp;c;cc;cxx;c++;def;odl;idl;hpj;bat;asm;asmx</Extensions>
    </Filter>
    <Filter Include="Header Files">
      <UniqueIdentifier>{93995380-89BD-4b04-88EB-625FBE52EBFB}</UniqueIdentifier>
      <Extensions>h;hh;hpp;hxx;h++;hm;inl;inc;ipp;xsd</Extensions>
    </Filter>
    <Filter Include="Resource Files">
      <UniqueIdentifier>{67DA6AB6-F800-4c08-8B7A-83BB121AAD01}</UniqueIdentifier>
      <Extensions>rc;ico;cur;bmp;dlg;rc2;rct;bin;rgs;gif;jpg;jpeg;jpe;resx;tiff;tif;png;wav;mfcribbon-ms</Extensions>
    </Filter>
  </ItemGroup>
  <ItemGroup>
    <None Include="shaders\noise.comp">
      <Filter>Resource Files</Filter>
    </None>
    <None Include="shaders\render.frag">
      <Filter>Resource Files</Filter>
    </None>
    <None Include="shaders\perlin_worley.frag">
      <Filter>Resource Files</Filter>
    </None>
    <None Include="shaders\perlin_worley.geom">
      <Filter>Resource Files</Filter>
    </None>
    <None Include="shaders\perlin.comp">
      <Filter>Resource Files</Filter>
    </None>
    <None Include="shaders\clouds.frag">
      <Filter>Resource Files</Filter>
    </None>
    <None Include="shaders\clouds.vert">
      <Filter>Resource Files</Filter>
    </None>
    <None Include="clouds_include.frag">
      <Filter>Resource Files</Filter>
    </None>
    <None Include="shaders\fun_def.comp">
      <Filter>Resource Files</Filter>
    </None>
    <None Include="shaders\generate_rays.comp">
      <Filter>Resource Files</Filter>
    </None>
    <None Include="shaders\cloud.comp">
      <Filter>Resource Files</Filter>
    </None>
    <None Include="shaders\sky.vert">
      <Filter>Resource Files</Filter>
    </None>
    <None Include="shaders\sky.frag">
      <Filter>Resource Files</Filter>
    </None>
    <None Include="shaders\cloud.glsl">
      <Filter>Resource Files</Filter>
    </None>
    <None Include="shaders\ray_marching.frag">
      <Filter>Resource Files</Filter>
    </None>
  </ItemGroup>
  <ItemGroup>
    <ClInclude Include="CloudScene.h">
      <Filter>Header Files</Filter>
    </ClInclude>
    <ClInclude Include="Weather.h">
      <Filter>Header Files</Filter>
    </ClInclude>
    <ClInclude Include="CloudUI.h">
      <Filter>Header Files</Filter>
    </ClInclude>
  </ItemGroup>
  <ItemGroup>
    <ClCompile Include="clouds.cpp">
      <Filter>Source Files</Filter>
    </ClCompile>
  </ItemGroup>
</Project>